
Microsoft Visual Studio Solution File, Format Version 12.00
# Visual Studio Version 17
VisualStudioVersion = 17.10.35013.160
MinimumVisualStudioVersion = 10.0.40219.1
Project("{FAE04EC0-301F-11D3-BF4B-00C04F79EFBC}") = "project", "project\project.csproj", "{2BDE8DF7-E0B6-4AD2-9D29-2B462A6D31B7}"
EndProject
Global
	GlobalSection(SolutionConfigurationPlatforms) = preSolution
		Debug|Any CPU = Debug|Any CPU
		Release|Any CPU = Release|Any CPU
	EndGlobalSection
	GlobalSection(ProjectConfigurationPlatforms) = postSolution
		{2BDE8DF7-E0B6-4AD2-9D29-2B462A6D31B7}.Debug|Any CPU.ActiveCfg = Debug|Any CPU
		{2BDE8DF7-E0B6-4AD2-9D29-2B462A6D31B7}.Debug|Any CPU.Build.0 = Debug|Any CPU
		{2BDE8DF7-E0B6-4AD2-9D29-2B462A6D31B7}.Release|Any CPU.ActiveCfg = Release|Any CPU
		{2BDE8DF7-E0B6-4AD2-9D29-2B462A6D31B7}.Release|Any CPU.Build.0 = Release|Any CPU
	EndGlobalSection
	GlobalSection(SolutionProperties) = preSolution
		HideSolutionNode = FALSE
	EndGlobalSection
	GlobalSection(ExtensibilityGlobals) = postSolution
		SolutionGuid = {0051AD28-061B-46EA-BBD6-A6930C13B850}
	EndGlobalSection
EndGlobal
